// !$*UTF8*$!
{
	archiveVersion = 1;
	classes = {
	};
	objectVersion = 48;
	objects = {

/* Begin PBXBuildFile section */
		FA1F2E7E1F755DC700A614B2 /* AppDelegate.m in Sources */ = {isa = PBXBuildFile; fileRef = FA1F2E7D1F755DC700A614B2 /* AppDelegate.m */; };
		FA1F2E811F755DC700A614B2 /* ViewController.m in Sources */ = {isa = PBXBuildFile; fileRef = FA1F2E801F755DC700A614B2 /* ViewController.m */; };
		FA1F2E841F755DC700A614B2 /* Main.storyboard in Resources */ = {isa = PBXBuildFile; fileRef = FA1F2E821F755DC700A614B2 /* Main.storyboard */; };
		FA1F2E861F755DC700A614B2 /* Assets.xcassets in Resources */ = {isa = PBXBuildFile; fileRef = FA1F2E851F755DC700A614B2 /* Assets.xcassets */; };
		FA1F2E891F755DC700A614B2 /* LaunchScreen.storyboard in Resources */ = {isa = PBXBuildFile; fileRef = FA1F2E871F755DC700A614B2 /* LaunchScreen.storyboard */; };
		FA1F2E8C1F755DC700A614B2 /* main.m in Sources */ = {isa = PBXBuildFile; fileRef = FA1F2E8B1F755DC700A614B2 /* main.m */; };
		FA1F2E961F755DC800A614B2 /* XDImageTests.m in Sources */ = {isa = PBXBuildFile; fileRef = FA1F2E951F755DC800A614B2 /* XDImageTests.m */; };
		FA1F2EA11F755DC800A614B2 /* XDImageUITests.m in Sources */ = {isa = PBXBuildFile; fileRef = FA1F2EA01F755DC800A614B2 /* XDImageUITests.m */; };
/* End PBXBuildFile section */

/* Begin PBXContainerItemProxy section */
		FA1F2E921F755DC800A614B2 /* PBXContainerItemProxy */ = {
			isa = PBXContainerItemProxy;
			containerPortal = FA1F2E711F755DC700A614B2 /* Project object */;
			proxyType = 1;
			remoteGlobalIDString = FA1F2E781F755DC700A614B2;
			remoteInfo = XDImage;
		};
		FA1F2E9D1F755DC800A614B2 /* PBXContainerItemProxy */ = {
			isa = PBXContainerItemProxy;
			containerPortal = FA1F2E711F755DC700A614B2 /* Project object */;
			proxyType = 1;
			remoteGlobalIDString = FA1F2E781F755DC700A614B2;
			remoteInfo = XDImage;
		};
/* End PBXContainerItemProxy section */

/* Begin PBXFileReference section */
		FA1F2E791F755DC700A614B2 /* XDImage.app */ = {isa = PBXFileReference; explicitFileType = wrapper.application; includeInIndex = 0; path = XDImage.app; sourceTree = BUILT_PRODUCTS_DIR; };
		FA1F2E7C1F755DC700A614B2 /* AppDelegate.h */ = {isa = PBXFileReference; lastKnownFileType = sourcecode.c.h; path = AppDelegate.h; sourceTree = "<group>"; };
		FA1F2E7D1F755DC700A614B2 /* AppDelegate.m */ = {isa = PBXFileReference; lastKnownFileType = sourcecode.c.objc; path = AppDelegate.m; sourceTree = "<group>"; };
		FA1F2E7F1F755DC700A614B2 /* ViewController.h */ = {isa = PBXFileReference; lastKnownFileType = sourcecode.c.h; path = ViewController.h; sourceTree = "<group>"; };
		FA1F2E801F755DC700A614B2 /* ViewController.m */ = {isa = PBXFileReference; lastKnownFileType = sourcecode.c.objc; path = ViewController.m; sourceTree = "<group>"; };
		FA1F2E831F755DC700A614B2 /* Base */ = {isa = PBXFileReference; lastKnownFileType = file.storyboard; name = Base; path = Base.lproj/Main.storyboard; sourceTree = "<group>"; };
		FA1F2E851F755DC700A614B2 /* Assets.xcassets */ = {isa = PBXFileReference; lastKnownFileType = folder.assetcatalog; path = Assets.xcassets; sourceTree = "<group>"; };
		FA1F2E881F755DC700A614B2 /* Base */ = {isa = PBXFileReference; lastKnownFileType = file.storyboard; name = Base; path = Base.lproj/LaunchScreen.storyboard; sourceTree = "<group>"; };
		FA1F2E8A1F755DC700A614B2 /* Info.plist */ = {isa = PBXFileReference; lastKnownFileType = text.plist.xml; path = Info.plist; sourceTree = "<group>"; };
		FA1F2E8B1F755DC700A614B2 /* main.m */ = {isa = PBXFileReference; lastKnownFileType = sourcecode.c.objc; path = main.m; sourceTree = "<group>"; };
		FA1F2E911F755DC800A614B2 /* XDImageTests.xctest */ = {isa = PBXFileReference; explicitFileType = wrapper.cfbundle; includeInIndex = 0; path = XDImageTests.xctest; sourceTree = BUILT_PRODUCTS_DIR; };
		FA1F2E951F755DC800A614B2 /* XDImageTests.m */ = {isa = PBXFileReference; lastKnownFileType = sourcecode.c.objc; path = XDImageTests.m; sourceTree = "<group>"; };
		FA1F2E971F755DC800A614B2 /* Info.plist */ = {isa = PBXFileReference; lastKnownFileType = text.plist.xml; path = Info.plist; sourceTree = "<group>"; };
		FA1F2E9C1F755DC800A614B2 /* XDImageUITests.xctest */ = {isa = PBXFileReference; explicitFileType = wrapper.cfbundle; includeInIndex = 0; path = XDImageUITests.xctest; sourceTree = BUILT_PRODUCTS_DIR; };
		FA1F2EA01F755DC800A614B2 /* XDImageUITests.m */ = {isa = PBXFileReference; lastKnownFileType = sourcecode.c.objc; path = XDImageUITests.m; sourceTree = "<group>"; };
		FA1F2EA21F755DC800A614B2 /* Info.plist */ = {isa = PBXFileReference; lastKnownFileType = text.plist.xml; path = Info.plist; sourceTree = "<group>"; };
		FA1F2EB01F755E9100A614B2 /* Annotation.h */ = {isa = PBXFileReference; lastKnownFileType = sourcecode.c.h; path = Annotation.h; sourceTree = "<group>"; };
/* End PBXFileReference section */

/* Begin PBXFrameworksBuildPhase section */
		FA1F2E761F755DC700A614B2 /* Frameworks */ = {
			isa = PBXFrameworksBuildPhase;
			buildActionMask = 2147483647;
			files = (
			);
			runOnlyForDeploymentPostprocessing = 0;
		};
		FA1F2E8E1F755DC800A614B2 /* Frameworks */ = {
			isa = PBXFrameworksBuildPhase;
			buildActionMask = 2147483647;
			files = (
			);
			runOnlyForDeploymentPostprocessing = 0;
		};
		FA1F2E991F755DC800A614B2 /* Frameworks */ = {
			isa = PBXFrameworksBuildPhase;
			buildActionMask = 2147483647;
			files = (
			);
			runOnlyForDeploymentPostprocessing = 0;
		};
/* End PBXFrameworksBuildPhase section */

/* Begin PBXGroup section */
		FA1F2E701F755DC700A614B2 = {
			isa = PBXGroup;
			children = (
				FA1F2E7B1F755DC700A614B2 /* XDImage */,
				FA1F2E941F755DC800A614B2 /* XDImageTests */,
				FA1F2E9F1F755DC800A614B2 /* XDImageUITests */,
				FA1F2E7A1F755DC700A614B2 /* Products */,
			);
			sourceTree = "<group>";
		};
		FA1F2E7A1F755DC700A614B2 /* Products */ = {
			isa = PBXGroup;
			children = (
				FA1F2E791F755DC700A614B2 /* XDImage.app */,
				FA1F2E911F755DC800A614B2 /* XDImageTests.xctest */,
				FA1F2E9C1F755DC800A614B2 /* XDImageUITests.xctest */,
			);
			name = Products;
			sourceTree = "<group>";
		};
		FA1F2E7B1F755DC700A614B2 /* XDImage */ = {
			isa = PBXGroup;
			children = (
				FA1F2EB01F755E9100A614B2 /* Annotation.h */,
				FA1F2E7C1F755DC700A614B2 /* AppDelegate.h */,
				FA1F2E7D1F755DC700A614B2 /* AppDelegate.m */,
				FA1F2E7F1F755DC700A614B2 /* ViewController.h */,
				FA1F2E801F755DC700A614B2 /* ViewController.m */,
				FA1F2E821F755DC700A614B2 /* Main.storyboard */,
				FA1F2E851F755DC700A614B2 /* Assets.xcassets */,
				FA1F2E871F755DC700A614B2 /* LaunchScreen.storyboard */,
				FA1F2E8A1F755DC700A614B2 /* Info.plist */,
				FA1F2E8B1F755DC700A614B2 /* main.m */,
			);
			path = XDImage;
			sourceTree = "<group>";
		};
		FA1F2E941F755DC800A614B2 /* XDImageTests */ = {
			isa = PBXGroup;
			children = (
				FA1F2E951F755DC800A614B2 /* XDImageTests.m */,
				FA1F2E971F755DC800A614B2 /* Info.plist */,
			);
			path = XDImageTests;
			sourceTree = "<group>";
		};
		FA1F2E9F1F755DC800A614B2 /* XDImageUITests */ = {
			isa = PBXGroup;
			children = (
				FA1F2EA01F755DC800A614B2 /* XDImageUITests.m */,
				FA1F2EA21F755DC800A614B2 /* Info.plist */,
			);
			path = XDImageUITests;
			sourceTree = "<group>";
		};
/* End PBXGroup section */

/* Begin PBXNativeTarget section */
		FA1F2E781F755DC700A614B2 /* XDImage */ = {
			isa = PBXNativeTarget;
			buildConfigurationList = FA1F2EA51F755DC800A614B2 /* Build configuration list for PBXNativeTarget "XDImage" */;
			buildPhases = (
				FA1F2E751F755DC700A614B2 /* Sources */,
				FA1F2E761F755DC700A614B2 /* Frameworks */,
				FA1F2E771F755DC700A614B2 /* Resources */,
			);
			buildRules = (
			);
			dependencies = (
			);
			name = XDImage;
			productName = XDImage;
			productReference = FA1F2E791F755DC700A614B2 /* XDImage.app */;
			productType = "com.apple.product-type.application";
		};
		FA1F2E901F755DC800A614B2 /* XDImageTests */ = {
			isa = PBXNativeTarget;
			buildConfigurationList = FA1F2EA81F755DC800A614B2 /* Build configuration list for PBXNativeTarget "XDImageTests" */;
			buildPhases = (
				FA1F2E8D1F755DC800A614B2 /* Sources */,
				FA1F2E8E1F755DC800A614B2 /* Frameworks */,
				FA1F2E8F1F755DC800A614B2 /* Resources */,
			);
			buildRules = (
			);
			dependencies = (
				FA1F2E931F755DC800A614B2 /* PBXTargetDependency */,
			);
			name = XDImageTests;
			productName = XDImageTests;
			productReference = FA1F2E911F755DC800A614B2 /* XDImageTests.xctest */;
			productType = "com.apple.product-type.bundle.unit-test";
		};
		FA1F2E9B1F755DC800A614B2 /* XDImageUITests */ = {
			isa = PBXNativeTarget;
			buildConfigurationList = FA1F2EAB1F755DC800A614B2 /* Build configuration list for PBXNativeTarget "XDImageUITests" */;
			buildPhases = (
				FA1F2E981F755DC800A614B2 /* Sources */,
				FA1F2E991F755DC800A614B2 /* Frameworks */,
				FA1F2E9A1F755DC800A614B2 /* Resources */,
			);
			buildRules = (
			);
			dependencies = (
				FA1F2E9E1F755DC800A614B2 /* PBXTargetDependency */,
			);
			name = XDImageUITests;
			productName = XDImageUITests;
			productReference = FA1F2E9C1F755DC800A614B2 /* XDImageUITests.xctest */;
			productType = "com.apple.product-type.bundle.ui-testing";
		};
/* End PBXNativeTarget section */

/* Begin PBXProject section */
		FA1F2E711F755DC700A614B2 /* Project object */ = {
			isa = PBXProject;
			attributes = {
				LastUpgradeCheck = 0900;
				ORGANIZATIONNAME = xindong;
				TargetAttributes = {
					FA1F2E781F755DC700A614B2 = {
						CreatedOnToolsVersion = 9.0;
						ProvisioningStyle = Automatic;
					};
					FA1F2E901F755DC800A614B2 = {
						CreatedOnToolsVersion = 9.0;
						ProvisioningStyle = Automatic;
						TestTargetID = FA1F2E781F755DC700A614B2;
					};
					FA1F2E9B1F755DC800A614B2 = {
						CreatedOnToolsVersion = 9.0;
						ProvisioningStyle = Automatic;
						TestTargetID = FA1F2E781F755DC700A614B2;
					};
				};
			};
			buildConfigurationList = FA1F2E741F755DC700A614B2 /* Build configuration list for PBXProject "XDImage" */;
			compatibilityVersion = "Xcode 8.0";
			developmentRegion = en;
			hasScannedForEncodings = 0;
			knownRegions = (
				en,
				Base,
			);
			mainGroup = FA1F2E701F755DC700A614B2;
			productRefGroup = FA1F2E7A1F755DC700A614B2 /* Products */;
			projectDirPath = "";
			projectRoot = "";
			targets = (
				FA1F2E781F755DC700A614B2 /* XDImage */,
				FA1F2E901F755DC800A614B2 /* XDImageTests */,
				FA1F2E9B1F755DC800A614B2 /* XDImageUITests */,
			);
		};
/* End PBXProject section */

/* Begin PBXResourcesBuildPhase section */
		FA1F2E771F755DC700A614B2 /* Resources */ = {
			isa = PBXResourcesBuildPhase;
			buildActionMask = 2147483647;
			files = (
				FA1F2E891F755DC700A614B2 /* LaunchScreen.storyboard in Resources */,
				FA1F2E861F755DC700A614B2 /* Assets.xcassets in Resources */,
				FA1F2E841F755DC700A614B2 /* Main.storyboard in Resources */,
			);
			runOnlyForDeploymentPostprocessing = 0;
		};
		FA1F2E8F1F755DC800A614B2 /* Resources */ = {
			isa = PBXResourcesBuildPhase;
			buildActionMask = 2147483647;
			files = (
			);
			runOnlyForDeploymentPostprocessing = 0;
		};
		FA1F2E9A1F755DC800A614B2 /* Resources */ = {
			isa = PBXResourcesBuildPhase;
			buildActionMask = 2147483647;
			files = (
			);
			runOnlyForDeploymentPostprocessing = 0;
		};
/* End PBXResourcesBuildPhase section */

/* Begin PBXSourcesBuildPhase section */
		FA1F2E751F755DC700A614B2 /* Sources */ = {
			isa = PBXSourcesBuildPhase;
			buildActionMask = 2147483647;
			files = (
				FA1F2E811F755DC700A614B2 /* ViewController.m in Sources */,
				FA1F2E8C1F755DC700A614B2 /* main.m in Sources */,
				FA1F2E7E1F755DC700A614B2 /* AppDelegate.m in Sources */,
			);
			runOnlyForDeploymentPostprocessing = 0;
		};
		FA1F2E8D1F755DC800A614B2 /* Sources */ = {
			isa = PBXSourcesBuildPhase;
			buildActionMask = 2147483647;
			files = (
				FA1F2E961F755DC800A614B2 /* XDImageTests.m in Sources */,
			);
			runOnlyForDeploymentPostprocessing = 0;
		};
		FA1F2E981F755DC800A614B2 /* Sources */ = {
			isa = PBXSourcesBuildPhase;
			buildActionMask = 2147483647;
			files = (
				FA1F2EA11F755DC800A614B2 /* XDImageUITests.m in Sources */,
			);
			runOnlyForDeploymentPostprocessing = 0;
		};
/* End PBXSourcesBuildPhase section */

/* Begin PBXTargetDependency section */
		FA1F2E931F755DC800A614B2 /* PBXTargetDependency */ = {
			isa = PBXTargetDependency;
			target = FA1F2E781F755DC700A614B2 /* XDImage */;
			targetProxy = FA1F2E921F755DC800A614B2 /* PBXContainerItemProxy */;
		};
		FA1F2E9E1F755DC800A614B2 /* PBXTargetDependency */ = {
			isa = PBXTargetDependency;
			target = FA1F2E781F755DC700A614B2 /* XDImage */;
			targetProxy = FA1F2E9D1F755DC800A614B2 /* PBXContainerItemProxy */;
		};
/* End PBXTargetDependency section */

/* Begin PBXVariantGroup section */
		FA1F2E821F755DC700A614B2 /* Main.storyboard */ = {
			isa = PBXVariantGroup;
			children = (
				FA1F2E831F755DC700A614B2 /* Base */,
			);
			name = Main.storyboard;
			sourceTree = "<group>";
		};
		FA1F2E871F755DC700A614B2 /* LaunchScreen.storyboard */ = {
			isa = PBXVariantGroup;
			children = (
				FA1F2E881F755DC700A614B2 /* Base */,
			);
			name = LaunchScreen.storyboard;
			sourceTree = "<group>";
		};
/* End PBXVariantGroup section */

/* Begin XCBuildConfiguration section */
		FA1F2EA31F755DC800A614B2 /* Debug */ = {
			isa = XCBuildConfiguration;
			buildSettings = {
				ALWAYS_SEARCH_USER_PATHS = NO;
				CLANG_ANALYZER_NONNULL = YES;
				CLANG_ANALYZER_NUMBER_OBJECT_CONVERSION = YES_AGGRESSIVE;
				CLANG_CXX_LANGUAGE_STANDARD = "gnu++14";
				CLANG_CXX_LIBRARY = "libc++";
				CLANG_ENABLE_MODULES = YES;
				CLANG_ENABLE_OBJC_ARC = YES;
				CLANG_WARN_BLOCK_CAPTURE_AUTORELEASING = YES;
				CLANG_WARN_BOOL_CONVERSION = YES;
				CLANG_WARN_COMMA = YES;
				CLANG_WARN_CONSTANT_CONVERSION = YES;
				CLANG_WARN_DIRECT_OBJC_ISA_USAGE = YES_ERROR;
				CLANG_WARN_DOCUMENTATION_COMMENTS = YES;
				CLANG_WARN_EMPTY_BODY = YES;
				CLANG_WARN_ENUM_CONVERSION = YES;
				CLANG_WARN_INFINITE_RECURSION = YES;
				CLANG_WARN_INT_CONVERSION = YES;
				CLANG_WARN_NON_LITERAL_NULL_CONVERSION = YES;
				CLANG_WARN_OBJC_LITERAL_CONVERSION = YES;
				CLANG_WARN_OBJC_ROOT_CLASS = YES_ERROR;
				CLANG_WARN_RANGE_LOOP_ANALYSIS = YES;
				CLANG_WARN_STRICT_PROTOTYPES = YES;
				CLANG_WARN_SUSPICIOUS_MOVE = YES;
				CLANG_WARN_UNGUARDED_AVAILABILITY = YES_AGGRESSIVE;
				CLANG_WARN_UNREACHABLE_CODE = YES;
				CLANG_WARN__DUPLICATE_METHOD_MATCH = YES;
				CODE_SIGN_IDENTITY = "iPhone Developer";
				COPY_PHASE_STRIP = NO;
				DEBUG_INFORMATION_FORMAT = dwarf;
				ENABLE_STRICT_OBJC_MSGSEND = YES;
				ENABLE_TESTABILITY = YES;
				GCC_C_LANGUAGE_STANDARD = gnu11;
				GCC_DYNAMIC_NO_PIC = NO;
				GCC_NO_COMMON_BLOCKS = YES;
				GCC_OPTIMIZATION_LEVEL = 0;
				GCC_PREPROCESSOR_DEFINITIONS = (
					"DEBUG=1",
					"$(inherited)",
				);
				GCC_WARN_64_TO_32_BIT_CONVERSION = YES;
				GCC_WARN_ABOUT_RETURN_TYPE = YES_ERROR;
				GCC_WARN_UNDECLARED_SELECTOR = YES;
				GCC_WARN_UNINITIALIZED_AUTOS = YES_AGGRESSIVE;
				GCC_WARN_UNUSED_FUNCTION = YES;
				GCC_WARN_UNUSED_VARIABLE = YES;
				IPHONEOS_DEPLOYMENT_TARGET = 11.0;
				MTL_ENABLE_DEBUG_INFO = YES;
				ONLY_ACTIVE_ARCH = YES;
				SDKROOT = iphoneos;
			};
			name = Debug;
		};
		FA1F2EA41F755DC800A614B2 /* Release */ = {
			isa = XCBuildConfiguration;
			buildSettings = {
				ALWAYS_SEARCH_USER_PATHS = NO;
				CLANG_ANALYZER_NONNULL = YES;
				CLANG_ANALYZER_NUMBER_OBJECT_CONVERSION = YES_AGGRESSIVE;
				CLANG_CXX_LANGUAGE_STANDARD = "gnu++14";
				CLANG_CXX_LIBRARY = "libc++";
				CLANG_ENABLE_MODULES = YES;
				CLANG_ENABLE_OBJC_ARC = YES;
				CLANG_WARN_BLOCK_CAPTURE_AUTORELEASING = YES;
				CLANG_WARN_BOOL_CONVERSION = YES;
				CLANG_WARN_COMMA = YES;
				CLANG_WARN_CONSTANT_CONVERSION = YES;
				CLANG_WARN_DIRECT_OBJC_ISA_USAGE = YES_ERROR;
				CLANG_WARN_DOCUMENTATION_COMMENTS = YES;
				CLANG_WARN_EMPTY_BODY = YES;
				CLANG_WARN_ENUM_CONVERSION = YES;
				CLANG_WARN_INFINITE_RECURSION = YES;
				CLANG_WARN_INT_CONVERSION = YES;
				CLANG_WARN_NON_LITERAL_NULL_CONVERSION = YES;
				CLANG_WARN_OBJC_LITERAL_CONVERSION = YES;
				CLANG_WARN_OBJC_ROOT_CLASS = YES_ERROR;
				CLANG_WARN_RANGE_LOOP_ANALYSIS = YES;
				CLANG_WARN_STRICT_PROTOTYPES = YES;
				CLANG_WARN_SUSPICIOUS_MOVE = YES;
				CLANG_WARN_UNGUARDED_AVAILABILITY = YES_AGGRESSIVE;
				CLANG_WARN_UNREACHABLE_CODE = YES;
				CLANG_WARN__DUPLICATE_METHOD_MATCH = YES;
				CODE_SIGN_IDENTITY = "iPhone Developer";
				COPY_PHASE_STRIP = NO;
				DEBUG_INFORMATION_FORMAT = "dwarf-with-dsym";
				ENABLE_NS_ASSERTIONS = NO;
				ENABLE_STRICT_OBJC_MSGSEND = YES;
				GCC_C_LANGUAGE_STANDARD = gnu11;
				GCC_NO_COMMON_BLOCKS = YES;
				GCC_WARN_64_TO_32_BIT_CONVERSION = YES;
				GCC_WARN_ABOUT_RETURN_TYPE = YES_ERROR;
				GCC_WARN_UNDECLARED_SELECTOR = YES;
				GCC_WARN_UNINITIALIZED_AUTOS = YES_AGGRESSIVE;
				GCC_WARN_UNUSED_FUNCTION = YES;
				GCC_WARN_UNUSED_VARIABLE = YES;
				IPHONEOS_DEPLOYMENT_TARGET = 11.0;
				MTL_ENABLE_DEBUG_INFO = NO;
				SDKROOT = iphoneos;
				VALIDATE_PRODUCT = YES;
			};
			name = Release;
		};
		FA1F2EA61F755DC800A614B2 /* Debug */ = {
			isa = XCBuildConfiguration;
			buildSettings = {
				ASSETCATALOG_COMPILER_APPICON_NAME = AppIcon;
				CODE_SIGN_STYLE = Automatic;
				INFOPLIST_FILE = XDImage/Info.plist;
				IPHONEOS_DEPLOYMENT_TARGET = 8.0;
				LD_RUNPATH_SEARCH_PATHS = "$(inherited) @executable_path/Frameworks";
				PRODUCT_BUNDLE_IDENTIFIER = MOMO.XDImage;
				PRODUCT_NAME = "$(TARGET_NAME)";
				TARGETED_DEVICE_FAMILY = "1,2";
			};
			name = Debug;
		};
		FA1F2EA71F755DC800A614B2 /* Release */ = {
			isa = XCBuildConfiguration;
			buildSettings = {
				ASSETCATALOG_COMPILER_APPICON_NAME = AppIcon;
				CODE_SIGN_STYLE = Automatic;
				INFOPLIST_FILE = XDImage/Info.plist;
				IPHONEOS_DEPLOYMENT_TARGET = 8.0;
				LD_RUNPATH_SEARCH_PATHS = "$(inherited) @executable_path/Frameworks";
				PRODUCT_BUNDLE_IDENTIFIER = MOMO.XDImage;
				PRODUCT_NAME = "$(TARGET_NAME)";
				TARGETED_DEVICE_FAMILY = "1,2";
			};
			name = Release;
		};
		FA1F2EA91F755DC800A614B2 /* Debug */ = {
			isa = XCBuildConfiguration;
			buildSettings = {
				BUNDLE_LOADER = "$(TEST_HOST)";
				CODE_SIGN_STYLE = Automatic;
				INFOPLIST_FILE = XDImageTests/Info.plist;
				LD_RUNPATH_SEARCH_PATHS = "$(inherited) @executable_path/Frameworks @loader_path/Frameworks";
				PRODUCT_BUNDLE_IDENTIFIER = MOMO.XDImageTests;
				PRODUCT_NAME = "$(TARGET_NAME)";
				TARGETED_DEVICE_FAMILY = "1,2";
				TEST_HOST = "$(BUILT_PRODUCTS_DIR)/XDImage.app/XDImage";
			};
			name = Debug;
		};
		FA1F2EAA1F755DC800A614B2 /* Release */ = {
			isa = XCBuildConfiguration;
			buildSettings = {
				BUNDLE_LOADER = "$(TEST_HOST)";
				CODE_SIGN_STYLE = Automatic;
				INFOPLIST_FILE = XDImageTests/Info.plist;
				LD_RUNPATH_SEARCH_PATHS = "$(inherited) @executable_path/Frameworks @loader_path/Frameworks";
				PRODUCT_BUNDLE_IDENTIFIER = MOMO.XDImageTests;
				PRODUCT_NAME = "$(TARGET_NAME)";
				TARGETED_DEVICE_FAMILY = "1,2";
				TEST_HOST = "$(BUILT_PRODUCTS_DIR)/XDImage.app/XDImage";
			};
			name = Release;
		};
		FA1F2EAC1F755DC800A614B2 /* Debug */ = {
			isa = XCBuildConfiguration;
			buildSettings = {
				CODE_SIGN_STYLE = Automatic;
				INFOPLIST_FILE = XDImageUITests/Info.plist;
				LD_RUNPATH_SEARCH_PATHS = "$(inherited) @executable_path/Frameworks @loader_path/Frameworks";
				PRODUCT_BUNDLE_IDENTIFIER = MOMO.XDImageUITests;
				PRODUCT_NAME = "$(TARGET_NAME)";
				TARGETED_DEVICE_FAMILY = "1,2";
				TEST_TARGET_NAME = XDImage;
			};
			name = Debug;
		};
		FA1F2EAD1F755DC800A614B2 /* Release */ = {
			isa = XCBuildConfiguration;
			buildSettings = {
				CODE_SIGN_STYLE = Automatic;
				INFOPLIST_FILE = XDImageUITests/Info.plist;
				LD_RUNPATH_SEARCH_PATHS = "$(inherited) @executable_path/Frameworks @loader_path/Frameworks";
				PRODUCT_BUNDLE_IDENTIFIER = MOMO.XDImageUITests;
				PRODUCT_NAME = "$(TARGET_NAME)";
				TARGETED_DEVICE_FAMILY = "1,2";
				TEST_TARGET_NAME = XDImage;
			};
			name = Release;
		};
/* End XCBuildConfiguration section */

/* Begin XCConfigurationList section */
		FA1F2E741F755DC700A614B2 /* Build configuration list for PBXProject "XDImage" */ = {
			isa = XCConfigurationList;
			buildConfigurations = (
				FA1F2EA31F755DC800A614B2 /* Debug */,
				FA1F2EA41F755DC800A614B2 /* Release */,
			);
			defaultConfigurationIsVisible = 0;
			defaultConfigurationName = Release;
		};
		FA1F2EA51F755DC800A614B2 /* Build configuration list for PBXNativeTarget "XDImage" */ = {
			isa = XCConfigurationList;
			buildConfigurations = (
				FA1F2EA61F755DC800A614B2 /* Debug */,
				FA1F2EA71F755DC800A614B2 /* Release */,
			);
			defaultConfigurationIsVisible = 0;
			defaultConfigurationName = Release;
		};
		FA1F2EA81F755DC800A614B2 /* Build configuration list for PBXNativeTarget "XDImageTests" */ = {
			isa = XCConfigurationList;
			buildConfigurations = (
				FA1F2EA91F755DC800A614B2 /* Debug */,
				FA1F2EAA1F755DC800A614B2 /* Release */,
			);
			defaultConfigurationIsVisible = 0;
			defaultConfigurationName = Release;
		};
		FA1F2EAB1F755DC800A614B2 /* Build configuration list for PBXNativeTarget "XDImageUITests" */ = {
			isa = XCConfigurationList;
			buildConfigurations = (
				FA1F2EAC1F755DC800A614B2 /* Debug */,
				FA1F2EAD1F755DC800A614B2 /* Release */,
			);
			defaultConfigurationIsVisible = 0;
			defaultConfigurationName = Release;
		};
/* End XCConfigurationList section */
	};
	rootObject = FA1F2E711F755DC700A614B2 /* Project object */;
}
